
Microsoft Visual Studio Solution File, Format Version 12.00
# Visual Studio Version 17
VisualStudioVersion = 17.0.32014.148
MinimumVisualStudioVersion = 10.0.40219.1
Project("{9A19103F-16F7-4668-BE54-9A1E7A4F7556}") = "WinformLocateConfigFile", "WinformLocateConfigFile\WinformLocateConfigFile.csproj", "{D6B44D3E-A7F1-46C3-8147-13787F19A952}"
EndProject
Global
	GlobalSection(SolutionConfigurationPlatforms) = preSolution
		Debug|Any CPU = Debug|Any CPU
		Release|Any CPU = Release|Any CPU
	EndGlobalSection
	GlobalSection(ProjectConfigurationPlatforms) = postSolution
		{D6B44D3E-A7F1-46C3-8147-13787F19A952}.Debug|Any CPU.ActiveCfg = Debug|Any CPU
		{D6B44D3E-A7F1-46C3-8147-13787F19A952}.Debug|Any CPU.Build.0 = Debug|Any CPU
		{D6B44D3E-A7F1-46C3-8147-13787F19A952}.Release|Any CPU.ActiveCfg = Release|Any CPU
		{D6B44D3E-A7F1-46C3-8147-13787F19A952}.Release|Any CPU.Build.0 = Release|Any CPU
	EndGlobalSection
	GlobalSection(SolutionProperties) = preSolution
		HideSolutionNode = FALSE
	EndGlobalSection
	GlobalSection(ExtensibilityGlobals) = postSolution
		SolutionGuid = {63D0EF6C-2E4D-4CDF-8A09-0358F0B0D146}
	EndGlobalSection
EndGlobal
